# THIS IS AN AUTOGENERATED FILE. DO NOT EDIT THIS FILE DIRECTLY.
# yarn lockfile v1


musubii@^7.1.0:
  version "7.1.0"
  resolved "https://registry.yarnpkg.com/musubii/-/musubii-7.1.0.tgz#c8311e0f3a2f8656cd00e1e5b7f4ac2bd47ebcd1"
  integrity sha512-WAHtKcAW9jt185ZxSeHlX3YKuwYo9cPgs2VOoicC0x1wOiWSDHNoCV6aicG/YASAP/wXnFCXir1prddtI9Melg==
